
Microsoft Visual Studio Solution File, Format Version 9.00
# Visual Studio 2005
Project("{8BC9CEB8-8B4A-11D0-8D11-00A0C91BC942}") = "PDock", "PDock\PDock.vcproj", "{8899019A-184D-4DA7-A2F2-08E868E40668}"
EndProject
Global
	GlobalSection(SolutionConfigurationPlatforms) = preSolution
		Debug|Win32 = Debug|Win32
		Release|Win32 = Release|Win32
	EndGlobalSection
	GlobalSection(ProjectConfigurationPlatforms) = postSolution
		{8899019A-184D-4DA7-A2F2-08E868E40668}.Debug|Win32.ActiveCfg = Debug|Win32
		{8899019A-184D-4DA7-A2F2-08E868E40668}.Debug|Win32.Build.0 = Debug|Win32
		{8899019A-184D-4DA7-A2F2-08E868E40668}.Release|Win32.ActiveCfg = Release|Win32
		{8899019A-184D-4DA7-A2F2-08E868E40668}.Release|Win32.Build.0 = Release|Win32
	EndGlobalSection
	GlobalSection(SolutionProperties) = preSolution
		HideSolutionNode = FALSE
	EndGlobalSection
EndGlobal
